<?xml version="1.0" encoding="utf-8"?>
<Project ToolsVersion="4.0" xmlns="http://schemas.microsoft.com/developer/msbuild/2003">
  <ItemGroup>
    <Filter Include="Source Files">
      <UniqueIdentifier>{4FC737F1-C7A5-4376-A066-2A32D752A2FF}</UniqueIdentifier>
      <Extensions>cpp;c;cc;cxx;c++;cppm;ixx;def;odl;idl;hpj;bat;asm;asmx</Extensions>
    </Filter>
    <Filter Include="Header Files">
      <UniqueIdentifier>{93995380-89BD-4b04-88EB-625FBE52EBFB}</UniqueIdentifier>
      <Extensions>h;hh;hpp;hxx;h++;hm;inl;inc;ipp;xsd</Extensions>
    </Filter>
    <Filter Include="Resource Files">
      <UniqueIdentifier>{67DA6AB6-F800-4c08-8B7A-83BB121AAD01}</UniqueIdentifier>
      <Extensions>rc;ico;cur;bmp;dlg;rc2;rct;bin;rgs;gif;jpg;jpeg;jpe;resx;tiff;tif;png;wav;mfcribbon-ms</Extensions>
    </Filter>
  </ItemGroup>
  <ItemGroup>
    <ClCompile Include="Code\main.cpp">
      <Filter>Source Files</Filter>
    </ClCompile>
    <ClCompile Include="Code\Configuration\Configuration.cpp">
      <Filter>Source Files</Filter>
    </ClCompile>
    <ClCompile Include="Code\Tools\Timer.cpp">
      <Filter>Source Files</Filter>
    </ClCompile>
    <ClCompile Include="Code\ChessDrawable\Animations\CellRedAnimation.cpp">
      <Filter>Source Files</Filter>
    </ClCompile>
    <ClCompile Include="Code\Chess\BoardUtils\BoardUtils.cpp">
      <Filter>Source Files</Filter>
    </ClCompile>
    <ClCompile Include="Code\Chess\Cell\Cell.cpp">
      <Filter>Source Files</Filter>
    </ClCompile>
    <ClCompile Include="Code\Chess\Pieces\Bishop.cpp">
      <Filter>Source Files</Filter>
    </ClCompile>
    <ClCompile Include="Code\Chess\Pieces\King.cpp">
      <Filter>Source Files</Filter>
    </ClCompile>
    <ClCompile Include="Code\Chess\Pieces\Knight.cpp">
      <Filter>Source Files</Filter>
    </ClCompile>
    <ClCompile Include="Code\Chess\Pieces\Pawn.cpp">
      <Filter>Source Files</Filter>
    </ClCompile>
    <ClCompile Include="Code\Chess\Pieces\Piece.cpp">
      <Filter>Source Files</Filter>
    </ClCompile>
    <ClCompile Include="Code\Chess\Pieces\Queen.cpp">
      <Filter>Source Files</Filter>
    </ClCompile>
    <ClCompile Include="Code\Chess\Pieces\Rook.cpp">
      <Filter>Source Files</Filter>
    </ClCompile>
    <ClCompile Include="Code\Chess\Moves\CastleMove.cpp">
      <Filter>Source Files</Filter>
    </ClCompile>
    <ClCompile Include="Code\Chess\Moves\Move.cpp">
      <Filter>Source Files</Filter>
    </ClCompile>
    <ClCompile Include="Code\Chess\Moves\PromotionMove.cpp">
      <Filter>Source Files</Filter>
    </ClCompile>
    <ClCompile Include="Code\Chess\MoveValidator\MoveValidator.cpp">
      <Filter>Source Files</Filter>
    </ClCompile>
    <ClCompile Include="Code\Chess\Player\Player.cpp">
      <Filter>Source Files</Filter>
    </ClCompile>
    <ClCompile Include="Code\Chess\Board.cpp">
      <Filter>Source Files</Filter>
    </ClCompile>
    <ClCompile Include="Code\Chess\Moves\EnPassantMove.cpp">
      <Filter>Source Files</Filter>
    </ClCompile>
    <ClCompile Include="Code\ChessDrawable\PieceDrawable\PieceDrawable.cpp">
      <Filter>Source Files</Filter>
    </ClCompile>
    <ClCompile Include="Code\ChessDrawable\CellDrawable\CellDrawable.cpp">
      <Filter>Source Files</Filter>
    </ClCompile>
    <ClCompile Include="Code\ChessDrawable\BoardDrawable.cpp">
      <Filter>Source Files</Filter>
    </ClCompile>
    <ClCompile Include="Code\ChessDrawable\GreyCircle\GreyCircle.cpp">
      <Filter>Source Files</Filter>
    </ClCompile>
    <ClCompile Include="Code\ChessGame.cpp">
      <Filter>Source Files</Filter>
    </ClCompile>
  </ItemGroup>
  <ItemGroup>
    <ClInclude Include="Code\Configuration\Configuration.h">
      <Filter>Header Files</Filter>
    </ClInclude>
    <ClInclude Include="Code\Tools\Timer.h">
      <Filter>Header Files</Filter>
    </ClInclude>
    <ClInclude Include="Code\ChessDrawable\Animations\CellRedAnimation.h">
      <Filter>Header Files</Filter>
    </ClInclude>
    <ClInclude Include="Code\Chess\BoardUtils\BoardUtils.h">
      <Filter>Header Files</Filter>
    </ClInclude>
    <ClInclude Include="Code\Chess\Cell\Cell.h">
      <Filter>Header Files</Filter>
    </ClInclude>
    <ClInclude Include="Code\Chess\Pieces\AllPieces.h">
      <Filter>Header Files</Filter>
    </ClInclude>
    <ClInclude Include="Code\Chess\Pieces\Bishop.h">
      <Filter>Header Files</Filter>
    </ClInclude>
    <ClInclude Include="Code\Chess\Pieces\King.h">
      <Filter>Header Files</Filter>
    </ClInclude>
    <ClInclude Include="Code\Chess\Pieces\Knight.h">
      <Filter>Header Files</Filter>
    </ClInclude>
    <ClInclude Include="Code\Chess\Pieces\Pawn.h">
      <Filter>Header Files</Filter>
    </ClInclude>
    <ClInclude Include="Code\Chess\Pieces\Piece.h">
      <Filter>Header Files</Filter>
    </ClInclude>
    <ClInclude Include="Code\Chess\Pieces\Queen.h">
      <Filter>Header Files</Filter>
    </ClInclude>
    <ClInclude Include="Code\Chess\Pieces\Rook.h">
      <Filter>Header Files</Filter>
    </ClInclude>
    <ClInclude Include="Code\Chess\Moves\AllMoves.h">
      <Filter>Header Files</Filter>
    </ClInclude>
    <ClInclude Include="Code\Chess\Moves\CastleMove.h">
      <Filter>Header Files</Filter>
    </ClInclude>
    <ClInclude Include="Code\Chess\Moves\Move.h">
      <Filter>Header Files</Filter>
    </ClInclude>
    <ClInclude Include="Code\Chess\Moves\PromotionMove.h">
      <Filter>Header Files</Filter>
    </ClInclude>
    <ClInclude Include="Code\Chess\MoveValidator\MoveValidator.h">
      <Filter>Header Files</Filter>
    </ClInclude>
    <ClInclude Include="Code\Chess\Player\Player.h">
      <Filter>Header Files</Filter>
    </ClInclude>
    <ClInclude Include="Code\Chess\Board.h">
      <Filter>Header Files</Filter>
    </ClInclude>
    <ClInclude Include="Code\Chess\Moves\EnPassantMove.h">
      <Filter>Header Files</Filter>
    </ClInclude>
    <ClInclude Include="Code\ChessDrawable\PieceDrawable\PieceDrawable.h">
      <Filter>Header Files</Filter>
    </ClInclude>
    <ClInclude Include="Code\ChessDrawable\CellDrawable\CellDrawable.h">
      <Filter>Header Files</Filter>
    </ClInclude>
    <ClInclude Include="Code\ChessDrawable\BoardDrawable.h">
      <Filter>Header Files</Filter>
    </ClInclude>
    <ClInclude Include="Code\ChessDrawable\GreyCircle\GreyCircle.h">
      <Filter>Header Files</Filter>
    </ClInclude>
    <ClInclude Include="Code\ChessGame.h">
      <Filter>Header Files</Filter>
    </ClInclude>
  </ItemGroup>
  <ItemGroup>
    <None Include=".gitignore" />
  </ItemGroup>
</Project>