<?xml version="1.0" encoding="utf-8"?>
<Project ToolsVersion="4.0" xmlns="http://schemas.microsoft.com/developer/msbuild/2003">
  <ItemGroup>
    <Filter Include="Source Files">
      <UniqueIdentifier>{4FC737F1-C7A5-4376-A066-2A32D752A2FF}</UniqueIdentifier>
      <Extensions>cpp;c;cc;cxx;c++;cppm;ixx;def;odl;idl;hpj;bat;asm;asmx</Extensions>
    </Filter>
    <Filter Include="Header Files">
      <UniqueIdentifier>{93995380-89BD-4b04-88EB-625FBE52EBFB}</UniqueIdentifier>
      <Extensions>h;hh;hpp;hxx;h++;hm;inl;inc;ipp;xsd</Extensions>
    </Filter>
    <Filter Include="Resource Files">
      <UniqueIdentifier>{67DA6AB6-F800-4c08-8B7A-83BB121AAD01}</UniqueIdentifier>
      <Extensions>rc;ico;cur;bmp;dlg;rc2;rct;bin;rgs;gif;jpg;jpeg;jpe;resx;tiff;tif;png;wav;mfcribbon-ms</Extensions>
    </Filter>
  </ItemGroup>
  <ItemGroup>
    <ClCompile Include="Code\main.cpp">
      <Filter>Source Files</Filter>
    </ClCompile>
    <ClCompile Include="Code\Configuration\Configuration.cpp">
      <Filter>Source Files</Filter>
    </ClCompile>
    <ClCompile Include="Code\Game.cpp">
      <Filter>Source Files</Filter>
    </ClCompile>
    <ClCompile Include="Code\ChessBoard\ChessPieces\Piece.cpp">
      <Filter>Source Files</Filter>
    </ClCompile>
    <ClCompile Include="Code\ChessBoard\ChessPieces\Rook.cpp">
      <Filter>Source Files</Filter>
    </ClCompile>
    <ClCompile Include="Code\ChessBoard\ChessPieces\Pawn.cpp">
      <Filter>Source Files</Filter>
    </ClCompile>
    <ClCompile Include="Code\ChessBoard\ChessPieces\King.cpp">
      <Filter>Source Files</Filter>
    </ClCompile>
    <ClCompile Include="Code\ChessBoard\ChessPieces\Knight.cpp">
      <Filter>Source Files</Filter>
    </ClCompile>
    <ClCompile Include="Code\ChessBoard\ChessPieces\Queen.cpp">
      <Filter>Source Files</Filter>
    </ClCompile>
    <ClCompile Include="Code\ChessBoard\ChessPieces\Bishop.cpp">
      <Filter>Source Files</Filter>
    </ClCompile>
    <ClCompile Include="Code\ChessBoard\ChessBoardCell\ChessBoardCell.cpp">
      <Filter>Source Files</Filter>
    </ClCompile>
    <ClCompile Include="Code\ChessBoard\Player\Player.cpp">
      <Filter>Source Files</Filter>
    </ClCompile>
    <ClCompile Include="Code\Tools\Timer.cpp">
      <Filter>Source Files</Filter>
    </ClCompile>
    <ClCompile Include="Code\ChessBoard\ChessBoard.cpp">
      <Filter>Source Files</Filter>
    </ClCompile>
    <ClCompile Include="Code\Animations\CellReadAnimation.cpp">
      <Filter>Source Files</Filter>
    </ClCompile>
    <ClCompile Include="Code\ChessBoard\GreyCircles\GreyCircle.cpp">
      <Filter>Source Files</Filter>
    </ClCompile>
    <ClCompile Include="Code\ChessBoard\PromotionTab\PromotionTab.cpp">
      <Filter>Source Files</Filter>
    </ClCompile>
  </ItemGroup>
  <ItemGroup>
    <ClInclude Include="Code\Configuration\Configuration.h">
      <Filter>Header Files</Filter>
    </ClInclude>
    <ClInclude Include="Code\Game.h">
      <Filter>Header Files</Filter>
    </ClInclude>
    <ClInclude Include="Code\ChessBoard\ChessPieces\Piece.h">
      <Filter>Header Files</Filter>
    </ClInclude>
    <ClInclude Include="Code\ChessBoard\ChessPieces\Rook.h">
      <Filter>Header Files</Filter>
    </ClInclude>
    <ClInclude Include="Code\ChessBoard\ChessPieces\Pawn.h">
      <Filter>Header Files</Filter>
    </ClInclude>
    <ClInclude Include="Code\ChessBoard\ChessPieces\King.h">
      <Filter>Header Files</Filter>
    </ClInclude>
    <ClInclude Include="Code\ChessBoard\ChessPieces\Knight.h">
      <Filter>Header Files</Filter>
    </ClInclude>
    <ClInclude Include="Code\ChessBoard\ChessPieces\Queen.h">
      <Filter>Header Files</Filter>
    </ClInclude>
    <ClInclude Include="Code\ChessBoard\ChessPieces\Bishop.h">
      <Filter>Header Files</Filter>
    </ClInclude>
    <ClInclude Include="Code\ChessBoard\ChessBoardCell\ChessBoardCell.h">
      <Filter>Header Files</Filter>
    </ClInclude>
    <ClInclude Include="Code\ChessBoard\Player\Player.h">
      <Filter>Header Files</Filter>
    </ClInclude>
    <ClInclude Include="Code\Tools\Timer.h">
      <Filter>Header Files</Filter>
    </ClInclude>
    <ClInclude Include="Code\ChessBoard\ChessBoard.h">
      <Filter>Header Files</Filter>
    </ClInclude>
    <ClInclude Include="Code\ChessBoard\ChessPieces\AllPieces.h">
      <Filter>Header Files</Filter>
    </ClInclude>
    <ClInclude Include="Code\Animations\CellReadAnimation.h">
      <Filter>Header Files</Filter>
    </ClInclude>
    <ClInclude Include="Code\ChessBoard\GreyCircles\GreyCircle.h">
      <Filter>Header Files</Filter>
    </ClInclude>
    <ClInclude Include="Code\ChessBoard\PromotionTab\PromotionTab.h">
      <Filter>Header Files</Filter>
    </ClInclude>
  </ItemGroup>
  <ItemGroup>
    <None Include=".gitignore" />
  </ItemGroup>
</Project>